// !$*UTF8*$!
{
	archiveVersion = 1;
	classes = {
	};
	objectVersion = 48;
	objects = {

/* Begin PBXBuildFile section */
		54FAAFAF1F82FECA00F338C1 /* AppDelegate.swift in Sources */ = {isa = PBXBuildFile; fileRef = 54FAAFAE1F82FECA00F338C1 /* AppDelegate.swift */; };
		54FAAFB41F82FECA00F338C1 /* Main.storyboard in Resources */ = {isa = PBXBuildFile; fileRef = 54FAAFB21F82FECA00F338C1 /* Main.storyboard */; };
		54FAAFB61F82FECA00F338C1 /* Assets.xcassets in Resources */ = {isa = PBXBuildFile; fileRef = 54FAAFB51F82FECA00F338C1 /* Assets.xcassets */; };
		54FAAFB91F82FECA00F338C1 /* LaunchScreen.storyboard in Resources */ = {isa = PBXBuildFile; fileRef = 54FAAFB71F82FECA00F338C1 /* LaunchScreen.storyboard */; };
		54FAAFC21F83012300F338C1 /* TableViewController.swift in Sources */ = {isa = PBXBuildFile; fileRef = 54FAAFC11F83012300F338C1 /* TableViewController.swift */; };
		54FAAFC41F83014200F338C1 /* CollectionViewController.swift in Sources */ = {isa = PBXBuildFile; fileRef = 54FAAFC31F83014200F338C1 /* CollectionViewController.swift */; };
/* End PBXBuildFile section */

/* Begin PBXFileReference section */
		54FAAFAB1F82FECA00F338C1 /* Nasa-Astronomy-Picture-of-the-Day.app */ = {isa = PBXFileReference; explicitFileType = wrapper.application; includeInIndex = 0; path = "Nasa-Astronomy-Picture-of-the-Day.app"; sourceTree = BUILT_PRODUCTS_DIR; };
		54FAAFAE1F82FECA00F338C1 /* AppDelegate.swift */ = {isa = PBXFileReference; lastKnownFileType = sourcecode.swift; path = AppDelegate.swift; sourceTree = "<group>"; };
		54FAAFB31F82FECA00F338C1 /* Base */ = {isa = PBXFileReference; lastKnownFileType = file.storyboard; name = Base; path = Base.lproj/Main.storyboard; sourceTree = "<group>"; };
		54FAAFB51F82FECA00F338C1 /* Assets.xcassets */ = {isa = PBXFileReference; lastKnownFileType = folder.assetcatalog; path = Assets.xcassets; sourceTree = "<group>"; };
		54FAAFB81F82FECA00F338C1 /* Base */ = {isa = PBXFileReference; lastKnownFileType = file.storyboard; name = Base; path = Base.lproj/LaunchScreen.storyboard; sourceTree = "<group>"; };
		54FAAFBA1F82FECA00F338C1 /* Info.plist */ = {isa = PBXFileReference; lastKnownFileType = text.plist.xml; path = Info.plist; sourceTree = "<group>"; };
		54FAAFC11F83012300F338C1 /* TableViewController.swift */ = {isa = PBXFileReference; lastKnownFileType = sourcecode.swift; path = TableViewController.swift; sourceTree = "<group>"; };
		54FAAFC31F83014200F338C1 /* CollectionViewController.swift */ = {isa = PBXFileReference; lastKnownFileType = sourcecode.swift; path = CollectionViewController.swift; sourceTree = "<group>"; };
/* End PBXFileReference section */

/* Begin PBXFrameworksBuildPhase section */
		54FAAFA81F82FECA00F338C1 /* Frameworks */ = {
			isa = PBXFrameworksBuildPhase;
			buildActionMask = 2147483647;
			files = (
			);
			runOnlyForDeploymentPostprocessing = 0;
		};
/* End PBXFrameworksBuildPhase section */

/* Begin PBXGroup section */
		54FAAFA21F82FEC900F338C1 = {
			isa = PBXGroup;
			children = (
				54FAAFAD1F82FECA00F338C1 /* Nasa-Astronomy-Picture-of-the-Day */,
				54FAAFAC1F82FECA00F338C1 /* Products */,
			);
			sourceTree = "<group>";
		};
		54FAAFAC1F82FECA00F338C1 /* Products */ = {
			isa = PBXGroup;
			children = (
				54FAAFAB1F82FECA00F338C1 /* Nasa-Astronomy-Picture-of-the-Day.app */,
			);
			name = Products;
			sourceTree = "<group>";
		};
		54FAAFAD1F82FECA00F338C1 /* Nasa-Astronomy-Picture-of-the-Day */ = {
			isa = PBXGroup;
			children = (
				54FAAFC01F83008B00F338C1 /* Controller */,
				54FAAFAE1F82FECA00F338C1 /* AppDelegate.swift */,
				54FAAFB21F82FECA00F338C1 /* Main.storyboard */,
				54FAAFB51F82FECA00F338C1 /* Assets.xcassets */,
				54FAAFB71F82FECA00F338C1 /* LaunchScreen.storyboard */,
				54FAAFBA1F82FECA00F338C1 /* Info.plist */,
			);
			path = "Nasa-Astronomy-Picture-of-the-Day";
			sourceTree = "<group>";
		};
		54FAAFC01F83008B00F338C1 /* Controller */ = {
			isa = PBXGroup;
			children = (
				54FAAFC11F83012300F338C1 /* TableViewController.swift */,
				54FAAFC31F83014200F338C1 /* CollectionViewController.swift */,
			);
			name = Controller;
			sourceTree = "<group>";
		};
/* End PBXGroup section */

/* Begin PBXNativeTarget section */
		54FAAFAA1F82FECA00F338C1 /* Nasa-Astronomy-Picture-of-the-Day */ = {
			isa = PBXNativeTarget;
			buildConfigurationList = 54FAAFBD1F82FECA00F338C1 /* Build configuration list for PBXNativeTarget "Nasa-Astronomy-Picture-of-the-Day" */;
			buildPhases = (
				54FAAFA71F82FECA00F338C1 /* Sources */,
				54FAAFA81F82FECA00F338C1 /* Frameworks */,
				54FAAFA91F82FECA00F338C1 /* Resources */,
			);
			buildRules = (
			);
			dependencies = (
			);
			name = "Nasa-Astronomy-Picture-of-the-Day";
			productName = "Nasa-Astronomy-Picture-of-the-Day";
			productReference = 54FAAFAB1F82FECA00F338C1 /* Nasa-Astronomy-Picture-of-the-Day.app */;
			productType = "com.apple.product-type.application";
		};
/* End PBXNativeTarget section */

/* Begin PBXProject section */
		54FAAFA31F82FECA00F338C1 /* Project object */ = {
			isa = PBXProject;
			attributes = {
				LastSwiftUpdateCheck = 0900;
				LastUpgradeCheck = 0900;
				ORGANIZATIONNAME = "DONALD CHWOJKO";
				TargetAttributes = {
					54FAAFAA1F82FECA00F338C1 = {
						CreatedOnToolsVersion = 9.0;
						ProvisioningStyle = Automatic;
					};
				};
			};
			buildConfigurationList = 54FAAFA61F82FECA00F338C1 /* Build configuration list for PBXProject "Nasa-Astronomy-Picture-of-the-Day" */;
			compatibilityVersion = "Xcode 8.0";
			developmentRegion = en;
			hasScannedForEncodings = 0;
			knownRegions = (
				en,
				Base,
			);
			mainGroup = 54FAAFA21F82FEC900F338C1;
			productRefGroup = 54FAAFAC1F82FECA00F338C1 /* Products */;
			projectDirPath = "";
			projectRoot = "";
			targets = (
				54FAAFAA1F82FECA00F338C1 /* Nasa-Astronomy-Picture-of-the-Day */,
			);
		};
/* End PBXProject section */

/* Begin PBXResourcesBuildPhase section */
		54FAAFA91F82FECA00F338C1 /* Resources */ = {
			isa = PBXResourcesBuildPhase;
			buildActionMask = 2147483647;
			files = (
				54FAAFB91F82FECA00F338C1 /* LaunchScreen.storyboard in Resources */,
				54FAAFB61F82FECA00F338C1 /* Assets.xcassets in Resources */,
				54FAAFB41F82FECA00F338C1 /* Main.storyboard in Resources */,
			);
			runOnlyForDeploymentPostprocessing = 0;
		};
/* End PBXResourcesBuildPhase section */

/* Begin PBXSourcesBuildPhase section */
		54FAAFA71F82FECA00F338C1 /* Sources */ = {
			isa = PBXSourcesBuildPhase;
			buildActionMask = 2147483647;
			files = (
				54FAAFC41F83014200F338C1 /* CollectionViewController.swift in Sources */,
				54FAAFAF1F82FECA00F338C1 /* AppDelegate.swift in Sources */,
				54FAAFC21F83012300F338C1 /* TableViewController.swift in Sources */,
			);
			runOnlyForDeploymentPostprocessing = 0;
		};
/* End PBXSourcesBuildPhase section */

/* Begin PBXVariantGroup section */
		54FAAFB21F82FECA00F338C1 /* Main.storyboard */ = {
			isa = PBXVariantGroup;
			children = (
				54FAAFB31F82FECA00F338C1 /* Base */,
			);
			name = Main.storyboard;
			sourceTree = "<group>";
		};
		54FAAFB71F82FECA00F338C1 /* LaunchScreen.storyboard */ = {
			isa = PBXVariantGroup;
			children = (
				54FAAFB81F82FECA00F338C1 /* Base */,
			);
			name = LaunchScreen.storyboard;
			sourceTree = "<group>";
		};
/* End PBXVariantGroup section */

/* Begin XCBuildConfiguration section */
		54FAAFBB1F82FECA00F338C1 /* Debug */ = {
			isa = XCBuildConfiguration;
			buildSettings = {
				ALWAYS_SEARCH_USER_PATHS = NO;
				CLANG_ANALYZER_NONNULL = YES;
				CLANG_ANALYZER_NUMBER_OBJECT_CONVERSION = YES_AGGRESSIVE;
				CLANG_CXX_LANGUAGE_STANDARD = "gnu++14";
				CLANG_CXX_LIBRARY = "libc++";
				CLANG_ENABLE_MODULES = YES;
				CLANG_ENABLE_OBJC_ARC = YES;
				CLANG_WARN_BLOCK_CAPTURE_AUTORELEASING = YES;
				CLANG_WARN_BOOL_CONVERSION = YES;
				CLANG_WARN_COMMA = YES;
				CLANG_WARN_CONSTANT_CONVERSION = YES;
				CLANG_WARN_DIRECT_OBJC_ISA_USAGE = YES_ERROR;
				CLANG_WARN_DOCUMENTATION_COMMENTS = YES;
				CLANG_WARN_EMPTY_BODY = YES;
				CLANG_WARN_ENUM_CONVERSION = YES;
				CLANG_WARN_INFINITE_RECURSION = YES;
				CLANG_WARN_INT_CONVERSION = YES;
				CLANG_WARN_NON_LITERAL_NULL_CONVERSION = YES;
				CLANG_WARN_OBJC_LITERAL_CONVERSION = YES;
				CLANG_WARN_OBJC_ROOT_CLASS = YES_ERROR;
				CLANG_WARN_RANGE_LOOP_ANALYSIS = YES;
				CLANG_WARN_STRICT_PROTOTYPES = YES;
				CLANG_WARN_SUSPICIOUS_MOVE = YES;
				CLANG_WARN_UNGUARDED_AVAILABILITY = YES_AGGRESSIVE;
				CLANG_WARN_UNREACHABLE_CODE = YES;
				CLANG_WARN__DUPLICATE_METHOD_MATCH = YES;
				CODE_SIGN_IDENTITY = "iPhone Developer";
				COPY_PHASE_STRIP = NO;
				DEBUG_INFORMATION_FORMAT = dwarf;
				ENABLE_STRICT_OBJC_MSGSEND = YES;
				ENABLE_TESTABILITY = YES;
				GCC_C_LANGUAGE_STANDARD = gnu11;
				GCC_DYNAMIC_NO_PIC = NO;
				GCC_NO_COMMON_BLOCKS = YES;
				GCC_OPTIMIZATION_LEVEL = 0;
				GCC_PREPROCESSOR_DEFINITIONS = (
					"DEBUG=1",
					"$(inherited)",
				);
				GCC_WARN_64_TO_32_BIT_CONVERSION = YES;
				GCC_WARN_ABOUT_RETURN_TYPE = YES_ERROR;
				GCC_WARN_UNDECLARED_SELECTOR = YES;
				GCC_WARN_UNINITIALIZED_AUTOS = YES_AGGRESSIVE;
				GCC_WARN_UNUSED_FUNCTION = YES;
				GCC_WARN_UNUSED_VARIABLE = YES;
				IPHONEOS_DEPLOYMENT_TARGET = 11.0;
				MTL_ENABLE_DEBUG_INFO = YES;
				ONLY_ACTIVE_ARCH = YES;
				SDKROOT = iphoneos;
				SWIFT_ACTIVE_COMPILATION_CONDITIONS = DEBUG;
				SWIFT_OPTIMIZATION_LEVEL = "-Onone";
			};
			name = Debug;
		};
		54FAAFBC1F82FECA00F338C1 /* Release */ = {
			isa = XCBuildConfiguration;
			buildSettings = {
				ALWAYS_SEARCH_USER_PATHS = NO;
				CLANG_ANALYZER_NONNULL = YES;
				CLANG_ANALYZER_NUMBER_OBJECT_CONVERSION = YES_AGGRESSIVE;
				CLANG_CXX_LANGUAGE_STANDARD = "gnu++14";
				CLANG_CXX_LIBRARY = "libc++";
				CLANG_ENABLE_MODULES = YES;
				CLANG_ENABLE_OBJC_ARC = YES;
				CLANG_WARN_BLOCK_CAPTURE_AUTORELEASING = YES;
				CLANG_WARN_BOOL_CONVERSION = YES;
				CLANG_WARN_COMMA = YES;
				CLANG_WARN_CONSTANT_CONVERSION = YES;
				CLANG_WARN_DIRECT_OBJC_ISA_USAGE = YES_ERROR;
				CLANG_WARN_DOCUMENTATION_COMMENTS = YES;
				CLANG_WARN_EMPTY_BODY = YES;
				CLANG_WARN_ENUM_CONVERSION = YES;
				CLANG_WARN_INFINITE_RECURSION = YES;
				CLANG_WARN_INT_CONVERSION = YES;
				CLANG_WARN_NON_LITERAL_NULL_CONVERSION = YES;
				CLANG_WARN_OBJC_LITERAL_CONVERSION = YES;
				CLANG_WARN_OBJC_ROOT_CLASS = YES_ERROR;
				CLANG_WARN_RANGE_LOOP_ANALYSIS = YES;
				CLANG_WARN_STRICT_PROTOTYPES = YES;
				CLANG_WARN_SUSPICIOUS_MOVE = YES;
				CLANG_WARN_UNGUARDED_AVAILABILITY = YES_AGGRESSIVE;
				CLANG_WARN_UNREACHABLE_CODE = YES;
				CLANG_WARN__DUPLICATE_METHOD_MATCH = YES;
				CODE_SIGN_IDENTITY = "iPhone Developer";
				COPY_PHASE_STRIP = NO;
				DEBUG_INFORMATION_FORMAT = "dwarf-with-dsym";
				ENABLE_NS_ASSERTIONS = NO;
				ENABLE_STRICT_OBJC_MSGSEND = YES;
				GCC_C_LANGUAGE_STANDARD = gnu11;
				GCC_NO_COMMON_BLOCKS = YES;
				GCC_WARN_64_TO_32_BIT_CONVERSION = YES;
				GCC_WARN_ABOUT_RETURN_TYPE = YES_ERROR;
				GCC_WARN_UNDECLARED_SELECTOR = YES;
				GCC_WARN_UNINITIALIZED_AUTOS = YES_AGGRESSIVE;
				GCC_WARN_UNUSED_FUNCTION = YES;
				GCC_WARN_UNUSED_VARIABLE = YES;
				IPHONEOS_DEPLOYMENT_TARGET = 11.0;
				MTL_ENABLE_DEBUG_INFO = NO;
				SDKROOT = iphoneos;
				SWIFT_OPTIMIZATION_LEVEL = "-Owholemodule";
				VALIDATE_PRODUCT = YES;
			};
			name = Release;
		};
		54FAAFBE1F82FECA00F338C1 /* Debug */ = {
			isa = XCBuildConfiguration;
			buildSettings = {
				ASSETCATALOG_COMPILER_APPICON_NAME = AppIcon;
				CODE_SIGN_STYLE = Automatic;
				DEVELOPMENT_TEAM = 753L8GE46J;
				INFOPLIST_FILE = "Nasa-Astronomy-Picture-of-the-Day/Info.plist";
				LD_RUNPATH_SEARCH_PATHS = "$(inherited) @executable_path/Frameworks";
				PRODUCT_BUNDLE_IDENTIFIER = "com.chwojko.Nasa-Astronomy-Picture-of-the-Day";
				PRODUCT_NAME = "$(TARGET_NAME)";
				SWIFT_VERSION = 4.0;
				TARGETED_DEVICE_FAMILY = "1,2";
			};
			name = Debug;
		};
		54FAAFBF1F82FECA00F338C1 /* Release */ = {
			isa = XCBuildConfiguration;
			buildSettings = {
				ASSETCATALOG_COMPILER_APPICON_NAME = AppIcon;
				CODE_SIGN_STYLE = Automatic;
				DEVELOPMENT_TEAM = 753L8GE46J;
				INFOPLIST_FILE = "Nasa-Astronomy-Picture-of-the-Day/Info.plist";
				LD_RUNPATH_SEARCH_PATHS = "$(inherited) @executable_path/Frameworks";
				PRODUCT_BUNDLE_IDENTIFIER = "com.chwojko.Nasa-Astronomy-Picture-of-the-Day";
				PRODUCT_NAME = "$(TARGET_NAME)";
				SWIFT_VERSION = 4.0;
				TARGETED_DEVICE_FAMILY = "1,2";
			};
			name = Release;
		};
/* End XCBuildConfiguration section */

/* Begin XCConfigurationList section */
		54FAAFA61F82FECA00F338C1 /* Build configuration list for PBXProject "Nasa-Astronomy-Picture-of-the-Day" */ = {
			isa = XCConfigurationList;
			buildConfigurations = (
				54FAAFBB1F82FECA00F338C1 /* Debug */,
				54FAAFBC1F82FECA00F338C1 /* Release */,
			);
			defaultConfigurationIsVisible = 0;
			defaultConfigurationName = Release;
		};
		54FAAFBD1F82FECA00F338C1 /* Build configuration list for PBXNativeTarget "Nasa-Astronomy-Picture-of-the-Day" */ = {
			isa = XCConfigurationList;
			buildConfigurations = (
				54FAAFBE1F82FECA00F338C1 /* Debug */,
				54FAAFBF1F82FECA00F338C1 /* Release */,
			);
			defaultConfigurationIsVisible = 0;
			defaultConfigurationName = Release;
		};
/* End XCConfigurationList section */
	};
	rootObject = 54FAAFA31F82FECA00F338C1 /* Project object */;
}
